
Microsoft Visual Studio Solution File, Format Version 12.00
Project("{FAE04EC0-301F-11D3-BF4B-00C04F79EFBC}") = "Mood", "Mood\Mood.csproj", "{96B3B45C-62AB-4E4D-819A-3ED7CF84A5CE}"
EndProject
Global
	GlobalSection(SolutionConfigurationPlatforms) = preSolution
		Debug|Any CPU = Debug|Any CPU
		Release|Any CPU = Release|Any CPU
	EndGlobalSection
	GlobalSection(ProjectConfigurationPlatforms) = postSolution
		{96B3B45C-62AB-4E4D-819A-3ED7CF84A5CE}.Debug|Any CPU.ActiveCfg = Debug|Any CPU
		{96B3B45C-62AB-4E4D-819A-3ED7CF84A5CE}.Debug|Any CPU.Build.0 = Debug|Any CPU
		{96B3B45C-62AB-4E4D-819A-3ED7CF84A5CE}.Release|Any CPU.ActiveCfg = Release|Any CPU
		{96B3B45C-62AB-4E4D-819A-3ED7CF84A5CE}.Release|Any CPU.Build.0 = Release|Any CPU
	EndGlobalSection
EndGlobal
